
Microsoft Visual Studio Solution File, Format Version 12.00
# Visual Studio Version 17
VisualStudioVersion = 17.5.33516.290
MinimumVisualStudioVersion = 10.0.40219.1
Project("{9A19103F-16F7-4668-BE54-9A1E7A4F7556}") = "WinDbgSymbolsCachingProxy", "server\WinDbgSymbolsCachingProxy.csproj", "{75CC3A05-AB27-4A9A-8DD9-F0CE1543F5CA}"
EndProject
Project("{2150E333-8FDC-42A3-9474-1A3956D46DE8}") = "Solution Items", "Solution Items", "{5AAE92AD-342A-49BC-8186-E057E61F53A9}"
	ProjectSection(SolutionItems) = preProject
		.dockerignore = .dockerignore
		.editorconfig = .editorconfig
		.gitignore = .gitignore
		docker-compose.example.yml = docker-compose.example.yml
		Dockerfile = Dockerfile
		LICENSE = LICENSE
		README.md = README.md
		nuget.config = nuget.config
		.github\workflows\build.yml = .github\workflows\build.yml
		.github\workflows\docker-image.yml = .github\workflows\docker-image.yml
		.github\workflows\generate-docs.yml = .github\workflows\generate-docs.yml
		.github\workflows\publish-to-nuget.yml = .github\workflows\publish-to-nuget.yml
	EndProjectSection
EndProject
Project("{FAE04EC0-301F-11D3-BF4B-00C04F79EFBC}") = "HarvestingAgent", "agent\HarvestingAgent.csproj", "{A2DEBFBB-C402-45A1-8721-BD76D02DA339}"
EndProject
Project("{FAE04EC0-301F-11D3-BF4B-00C04F79EFBC}") = "FieldReleasedDemoApp", "tests\consoleapp\FieldReleasedDemoApp.csproj", "{A5643B1A-8B79-4572-B4DD-AFF2CBBDBAB6}"
EndProject
Project("{FAE04EC0-301F-11D3-BF4B-00C04F79EFBC}") = "Nefarius.Utilities.ExceptionEnricher", "Nefarius.Utilities.ExceptionEnricher\Nefarius.Utilities.ExceptionEnricher.csproj", "{95B2C961-372A-4F72-8319-051991F869D5}"
EndProject
Project("{2150E333-8FDC-42A3-9474-1A3956D46DE8}") = "Tests", "Tests", "{31214E1B-4CF4-44C7-9DCB-901A06D4AE3D}"
EndProject
Project("{2150E333-8FDC-42A3-9474-1A3956D46DE8}") = "Lib", "Lib", "{88AF9BE8-9E86-4A3F-AD7C-BFE704D9AB7A}"
EndProject
Project("{2150E333-8FDC-42A3-9474-1A3956D46DE8}") = "Server", "Server", "{EF3299CA-47D3-4461-A0C5-B442CEB56295}"
EndProject
Project("{2150E333-8FDC-42A3-9474-1A3956D46DE8}") = "Agent", "Agent", "{3B4D7EB4-0AAF-4E80-BB1E-1D168983BA3A}"
EndProject
Project("{FAE04EC0-301F-11D3-BF4B-00C04F79EFBC}") = "WpfTestApp", "testapp\WpfTestApp\WpfTestApp.csproj", "{F576E9F2-AD9C-4CA0-A83F-0A68B31E6680}"
EndProject
Global
	GlobalSection(SolutionConfigurationPlatforms) = preSolution
		Debug|Any CPU = Debug|Any CPU
		Release|Any CPU = Release|Any CPU
	EndGlobalSection
	GlobalSection(ProjectConfigurationPlatforms) = postSolution
		{75CC3A05-AB27-4A9A-8DD9-F0CE1543F5CA}.Debug|Any CPU.ActiveCfg = Debug|Any CPU
		{75CC3A05-AB27-4A9A-8DD9-F0CE1543F5CA}.Debug|Any CPU.Build.0 = Debug|Any CPU
		{75CC3A05-AB27-4A9A-8DD9-F0CE1543F5CA}.Release|Any CPU.ActiveCfg = Release|Any CPU
		{75CC3A05-AB27-4A9A-8DD9-F0CE1543F5CA}.Release|Any CPU.Build.0 = Release|Any CPU
		{A2DEBFBB-C402-45A1-8721-BD76D02DA339}.Debug|Any CPU.ActiveCfg = Debug|Any CPU
		{A2DEBFBB-C402-45A1-8721-BD76D02DA339}.Debug|Any CPU.Build.0 = Debug|Any CPU
		{A2DEBFBB-C402-45A1-8721-BD76D02DA339}.Release|Any CPU.ActiveCfg = Release|Any CPU
		{A2DEBFBB-C402-45A1-8721-BD76D02DA339}.Release|Any CPU.Build.0 = Release|Any CPU
		{A5643B1A-8B79-4572-B4DD-AFF2CBBDBAB6}.Debug|Any CPU.ActiveCfg = Debug|Any CPU
		{A5643B1A-8B79-4572-B4DD-AFF2CBBDBAB6}.Debug|Any CPU.Build.0 = Debug|Any CPU
		{A5643B1A-8B79-4572-B4DD-AFF2CBBDBAB6}.Release|Any CPU.ActiveCfg = Release|Any CPU
		{A5643B1A-8B79-4572-B4DD-AFF2CBBDBAB6}.Release|Any CPU.Build.0 = Release|Any CPU
		{95B2C961-372A-4F72-8319-051991F869D5}.Debug|Any CPU.ActiveCfg = Debug|Any CPU
		{95B2C961-372A-4F72-8319-051991F869D5}.Debug|Any CPU.Build.0 = Debug|Any CPU
		{95B2C961-372A-4F72-8319-051991F869D5}.Release|Any CPU.ActiveCfg = Release|Any CPU
		{95B2C961-372A-4F72-8319-051991F869D5}.Release|Any CPU.Build.0 = Release|Any CPU
		{F576E9F2-AD9C-4CA0-A83F-0A68B31E6680}.Debug|Any CPU.ActiveCfg = Debug|Any CPU
		{F576E9F2-AD9C-4CA0-A83F-0A68B31E6680}.Debug|Any CPU.Build.0 = Debug|Any CPU
		{F576E9F2-AD9C-4CA0-A83F-0A68B31E6680}.Release|Any CPU.ActiveCfg = Release|Any CPU
		{F576E9F2-AD9C-4CA0-A83F-0A68B31E6680}.Release|Any CPU.Build.0 = Release|Any CPU
	EndGlobalSection
	GlobalSection(SolutionProperties) = preSolution
		HideSolutionNode = FALSE
	EndGlobalSection
	GlobalSection(NestedProjects) = preSolution
		{A5643B1A-8B79-4572-B4DD-AFF2CBBDBAB6} = {31214E1B-4CF4-44C7-9DCB-901A06D4AE3D}
		{95B2C961-372A-4F72-8319-051991F869D5} = {88AF9BE8-9E86-4A3F-AD7C-BFE704D9AB7A}
		{75CC3A05-AB27-4A9A-8DD9-F0CE1543F5CA} = {EF3299CA-47D3-4461-A0C5-B442CEB56295}
		{A2DEBFBB-C402-45A1-8721-BD76D02DA339} = {3B4D7EB4-0AAF-4E80-BB1E-1D168983BA3A}
		{F576E9F2-AD9C-4CA0-A83F-0A68B31E6680} = {31214E1B-4CF4-44C7-9DCB-901A06D4AE3D}
	EndGlobalSection
EndGlobal
